
Microsoft Visual Studio Solution File, Format Version 12.00
Project("{FAE04EC0-301F-11D3-BF4B-00C04F79EFBC}") = "afl-dakboard", "src/afl-dakboard.csproj", "{007A1D86-6819-43A5-9349-55AE986CEF76}"
EndProject
Project("{2150E333-8FDC-42A3-9474-1A3956D46DE8}") = "_", "_", "{2568FD34-DEE5-4A04-A1CB-4F0A01E75ADA}"
	ProjectSection(SolutionItems) = preProject
		.github\workflows\docker-image.yml = .github\workflows\docker-image.yml
		.gitignore = .gitignore
	EndProjectSection
EndProject
Global
	GlobalSection(SolutionConfigurationPlatforms) = preSolution
		Debug|Any CPU = Debug|Any CPU
		Release|Any CPU = Release|Any CPU
	EndGlobalSection
	GlobalSection(ProjectConfigurationPlatforms) = postSolution
		{007A1D86-6819-43A5-9349-55AE986CEF76}.Debug|Any CPU.ActiveCfg = Debug|Any CPU
		{007A1D86-6819-43A5-9349-55AE986CEF76}.Debug|Any CPU.Build.0 = Debug|Any CPU
		{007A1D86-6819-43A5-9349-55AE986CEF76}.Release|Any CPU.ActiveCfg = Release|Any CPU
		{007A1D86-6819-43A5-9349-55AE986CEF76}.Release|Any CPU.Build.0 = Release|Any CPU
	EndGlobalSection
EndGlobal
